
Microsoft Visual Studio Solution File, Format Version 12.00
# Visual Studio Version 17
VisualStudioVersion = 17.5.33516.290
MinimumVisualStudioVersion = 10.0.40219.1
Project("{FAE04EC0-301F-11D3-BF4B-00C04F79EFBC}") = "KaniniTrip.Package.Application", "KaniniTrip.Package.Application\KaniniTrip.Package.Application.csproj", "{337946AA-EB69-4BF0-BED1-FF949BD966AB}"
EndProject
Project("{FAE04EC0-301F-11D3-BF4B-00C04F79EFBC}") = "KaniniTrip.Package.Domain", "KaniniTrip.Package.Domain\KaniniTrip.Package.Domain.csproj", "{8AC58627-4670-45E9-982F-BF631DF1A739}"
EndProject
Project("{FAE04EC0-301F-11D3-BF4B-00C04F79EFBC}") = "KaniniTrip.Package.Infrastructure", "KaniniTrip.Package.Infrastructure\KaniniTrip.Package.Infrastructure.csproj", "{F24F47F7-D544-4917-9B04-5F97683BAC8E}"
EndProject
Global
	GlobalSection(SolutionConfigurationPlatforms) = preSolution
		Debug|Any CPU = Debug|Any CPU
		Release|Any CPU = Release|Any CPU
	EndGlobalSection
	GlobalSection(ProjectConfigurationPlatforms) = postSolution
		{337946AA-EB69-4BF0-BED1-FF949BD966AB}.Debug|Any CPU.ActiveCfg = Debug|Any CPU
		{337946AA-EB69-4BF0-BED1-FF949BD966AB}.Debug|Any CPU.Build.0 = Debug|Any CPU
		{337946AA-EB69-4BF0-BED1-FF949BD966AB}.Release|Any CPU.ActiveCfg = Release|Any CPU
		{337946AA-EB69-4BF0-BED1-FF949BD966AB}.Release|Any CPU.Build.0 = Release|Any CPU
		{8AC58627-4670-45E9-982F-BF631DF1A739}.Debug|Any CPU.ActiveCfg = Debug|Any CPU
		{8AC58627-4670-45E9-982F-BF631DF1A739}.Debug|Any CPU.Build.0 = Debug|Any CPU
		{8AC58627-4670-45E9-982F-BF631DF1A739}.Release|Any CPU.ActiveCfg = Release|Any CPU
		{8AC58627-4670-45E9-982F-BF631DF1A739}.Release|Any CPU.Build.0 = Release|Any CPU
		{F24F47F7-D544-4917-9B04-5F97683BAC8E}.Debug|Any CPU.ActiveCfg = Debug|Any CPU
		{F24F47F7-D544-4917-9B04-5F97683BAC8E}.Debug|Any CPU.Build.0 = Debug|Any CPU
		{F24F47F7-D544-4917-9B04-5F97683BAC8E}.Release|Any CPU.ActiveCfg = Release|Any CPU
		{F24F47F7-D544-4917-9B04-5F97683BAC8E}.Release|Any CPU.Build.0 = Release|Any CPU
	EndGlobalSection
	GlobalSection(SolutionProperties) = preSolution
		HideSolutionNode = FALSE
	EndGlobalSection
	GlobalSection(ExtensibilityGlobals) = postSolution
		SolutionGuid = {22B1EF29-4E36-4B8E-A129-AA3F9DEEF86D}
	EndGlobalSection
EndGlobal
